
Microsoft Visual Studio Solution File, Format Version 12.00
# Visual Studio Version 17
VisualStudioVersion = 17.12.35728.132
MinimumVisualStudioVersion = 10.0.40219.1
Project("{FAE04EC0-301F-11D3-BF4B-00C04F79EFBC}") = "node", "node\node.csproj", "{2176CF42-580C-4472-8832-FC7EE9286E08}"
	ProjectSection(ProjectDependencies) = postProject
		{E15E491A-E872-91D8-DF7A-CA59C792F064} = {E15E491A-E872-91D8-DF7A-CA59C792F064}
	EndProjectSection
EndProject
Project("{FAE04EC0-301F-11D3-BF4B-00C04F79EFBC}") = "unit-tests", "node-unit-tests\unit-tests.csproj", "{413EF885-5A68-4412-ABA5-74F43B37E9E4}"
	ProjectSection(ProjectDependencies) = postProject
		{2176CF42-580C-4472-8832-FC7EE9286E08} = {2176CF42-580C-4472-8832-FC7EE9286E08}
	EndProjectSection
EndProject
Project("{FAE04EC0-301F-11D3-BF4B-00C04F79EFBC}") = "integration-tests", "integration-tests\integration-tests.csproj", "{B477E7A6-E27C-4186-96A0-884ECB298501}"
	ProjectSection(ProjectDependencies) = postProject
		{2176CF42-580C-4472-8832-FC7EE9286E08} = {2176CF42-580C-4472-8832-FC7EE9286E08}
	EndProjectSection
EndProject
Project("{FAE04EC0-301F-11D3-BF4B-00C04F79EFBC}") = "common", "common\common.csproj", "{E15E491A-E872-91D8-DF7A-CA59C792F064}"
EndProject
Project("{FAE04EC0-301F-11D3-BF4B-00C04F79EFBC}") = "tracker", "tracker\tracker.csproj", "{7E381A0D-D1B0-4647-81C0-EC75BDCBB9F0}"
	ProjectSection(ProjectDependencies) = postProject
		{E15E491A-E872-91D8-DF7A-CA59C792F064} = {E15E491A-E872-91D8-DF7A-CA59C792F064}
	EndProjectSection
EndProject
Project("{FAE04EC0-301F-11D3-BF4B-00C04F79EFBC}") = "common-tests", "common-tests\common-tests.csproj", "{F0B3B25F-84AA-49DD-B222-0A68F1CABA0C}"
EndProject
Project("{2150E333-8FDC-42A3-9474-1A3956D46DE8}") = "Solution Items", "Solution Items", "{8EC462FD-D22E-90A8-E5CE-7E832BA40C5D}"
	ProjectSection(SolutionItems) = preProject
		.editorconfig = .editorconfig
		..\.gitignore = ..\.gitignore
	EndProjectSection
EndProject
Global
	GlobalSection(SolutionConfigurationPlatforms) = preSolution
		Debug|Any CPU = Debug|Any CPU
		Release|Any CPU = Release|Any CPU
	EndGlobalSection
	GlobalSection(ProjectConfigurationPlatforms) = postSolution
		{2176CF42-580C-4472-8832-FC7EE9286E08}.Debug|Any CPU.ActiveCfg = Debug|Any CPU
		{2176CF42-580C-4472-8832-FC7EE9286E08}.Debug|Any CPU.Build.0 = Debug|Any CPU
		{2176CF42-580C-4472-8832-FC7EE9286E08}.Release|Any CPU.ActiveCfg = Release|Any CPU
		{2176CF42-580C-4472-8832-FC7EE9286E08}.Release|Any CPU.Build.0 = Release|Any CPU
		{413EF885-5A68-4412-ABA5-74F43B37E9E4}.Debug|Any CPU.ActiveCfg = Debug|Any CPU
		{413EF885-5A68-4412-ABA5-74F43B37E9E4}.Debug|Any CPU.Build.0 = Debug|Any CPU
		{413EF885-5A68-4412-ABA5-74F43B37E9E4}.Release|Any CPU.ActiveCfg = Release|Any CPU
		{413EF885-5A68-4412-ABA5-74F43B37E9E4}.Release|Any CPU.Build.0 = Release|Any CPU
		{B477E7A6-E27C-4186-96A0-884ECB298501}.Debug|Any CPU.ActiveCfg = Debug|Any CPU
		{B477E7A6-E27C-4186-96A0-884ECB298501}.Debug|Any CPU.Build.0 = Debug|Any CPU
		{B477E7A6-E27C-4186-96A0-884ECB298501}.Release|Any CPU.ActiveCfg = Release|Any CPU
		{B477E7A6-E27C-4186-96A0-884ECB298501}.Release|Any CPU.Build.0 = Release|Any CPU
		{E15E491A-E872-91D8-DF7A-CA59C792F064}.Debug|Any CPU.ActiveCfg = Debug|Any CPU
		{E15E491A-E872-91D8-DF7A-CA59C792F064}.Debug|Any CPU.Build.0 = Debug|Any CPU
		{E15E491A-E872-91D8-DF7A-CA59C792F064}.Release|Any CPU.ActiveCfg = Release|Any CPU
		{E15E491A-E872-91D8-DF7A-CA59C792F064}.Release|Any CPU.Build.0 = Release|Any CPU
		{7E381A0D-D1B0-4647-81C0-EC75BDCBB9F0}.Debug|Any CPU.ActiveCfg = Debug|Any CPU
		{7E381A0D-D1B0-4647-81C0-EC75BDCBB9F0}.Debug|Any CPU.Build.0 = Debug|Any CPU
		{7E381A0D-D1B0-4647-81C0-EC75BDCBB9F0}.Release|Any CPU.ActiveCfg = Release|Any CPU
		{7E381A0D-D1B0-4647-81C0-EC75BDCBB9F0}.Release|Any CPU.Build.0 = Release|Any CPU
		{F0B3B25F-84AA-49DD-B222-0A68F1CABA0C}.Debug|Any CPU.ActiveCfg = Debug|Any CPU
		{F0B3B25F-84AA-49DD-B222-0A68F1CABA0C}.Debug|Any CPU.Build.0 = Debug|Any CPU
		{F0B3B25F-84AA-49DD-B222-0A68F1CABA0C}.Release|Any CPU.ActiveCfg = Release|Any CPU
		{F0B3B25F-84AA-49DD-B222-0A68F1CABA0C}.Release|Any CPU.Build.0 = Release|Any CPU
	EndGlobalSection
	GlobalSection(SolutionProperties) = preSolution
		HideSolutionNode = FALSE
	EndGlobalSection
	GlobalSection(ExtensibilityGlobals) = postSolution
		SolutionGuid = {AF5F70E1-0C51-4880-9A6D-143808E58021}
	EndGlobalSection
EndGlobal
